{
  "name": "public_resource_library-mernstack",
  "version": "1.0.0",
  "lockfileVersion": 3,
  "requires": true,
  "packages": {
    "": {
      "name": "public_resource_library-mernstack",
      "version": "1.0.0",
      "license": "ISC",
      "dependencies": {
        "react": "^19.2.4"
      }
    }
  }
}
